
Microsoft Visual Studio Solution File, Format Version 12.00
# Visual Studio Version 17
VisualStudioVersion = 17.11.35222.181
MinimumVisualStudioVersion = 10.0.40219.1
Project("{FAE04EC0-301F-11D3-BF4B-00C04F79EFBC}") = "Nizamutdinov_Solve", "Nizamutdinov_Solve\Nizamutdinov_Solve.csproj", "{4DEF0C38-5A39-4D24-9A3C-7A6D0F7C5B29}"
EndProject
Project("{FAE04EC0-301F-11D3-BF4B-00C04F79EFBC}") = "Nizamutdinov_Library", "Nizamutdinov_Library\Nizamutdinov_Library.csproj", "{1DEDDF2F-ED15-4481-9BAC-B4EB1772E222}"
EndProject
Global
	GlobalSection(SolutionConfigurationPlatforms) = preSolution
		Debug|Any CPU = Debug|Any CPU
		Release|Any CPU = Release|Any CPU
	EndGlobalSection
	GlobalSection(ProjectConfigurationPlatforms) = postSolution
		{4DEF0C38-5A39-4D24-9A3C-7A6D0F7C5B29}.Debug|Any CPU.ActiveCfg = Debug|Any CPU
		{4DEF0C38-5A39-4D24-9A3C-7A6D0F7C5B29}.Debug|Any CPU.Build.0 = Debug|Any CPU
		{4DEF0C38-5A39-4D24-9A3C-7A6D0F7C5B29}.Release|Any CPU.ActiveCfg = Release|Any CPU
		{4DEF0C38-5A39-4D24-9A3C-7A6D0F7C5B29}.Release|Any CPU.Build.0 = Release|Any CPU
		{1DEDDF2F-ED15-4481-9BAC-B4EB1772E222}.Debug|Any CPU.ActiveCfg = Debug|Any CPU
		{1DEDDF2F-ED15-4481-9BAC-B4EB1772E222}.Debug|Any CPU.Build.0 = Debug|Any CPU
		{1DEDDF2F-ED15-4481-9BAC-B4EB1772E222}.Release|Any CPU.ActiveCfg = Release|Any CPU
		{1DEDDF2F-ED15-4481-9BAC-B4EB1772E222}.Release|Any CPU.Build.0 = Release|Any CPU
	EndGlobalSection
	GlobalSection(SolutionProperties) = preSolution
		HideSolutionNode = FALSE
	EndGlobalSection
	GlobalSection(ExtensibilityGlobals) = postSolution
		SolutionGuid = {0BEC2461-1155-483D-B2EA-76C17709FCB0}
	EndGlobalSection
EndGlobal
